
Microsoft Visual Studio Solution File, Format Version 12.00
# Visual Studio Version 17
VisualStudioVersion = 17.5.33502.453
MinimumVisualStudioVersion = 10.0.40219.1
Project("{FAE04EC0-301F-11D3-BF4B-00C04F79EFBC}") = "ReflectionProblem2", "ReflectionProblem2.csproj", "{AFF8A4E6-5F92-4A07-B6B8-0B0ECB0A00D5}"
EndProject
Global
	GlobalSection(SolutionConfigurationPlatforms) = preSolution
		Debug|Any CPU = Debug|Any CPU
		Release|Any CPU = Release|Any CPU
	EndGlobalSection
	GlobalSection(ProjectConfigurationPlatforms) = postSolution
		{AFF8A4E6-5F92-4A07-B6B8-0B0ECB0A00D5}.Debug|Any CPU.ActiveCfg = Debug|Any CPU
		{AFF8A4E6-5F92-4A07-B6B8-0B0ECB0A00D5}.Debug|Any CPU.Build.0 = Debug|Any CPU
		{AFF8A4E6-5F92-4A07-B6B8-0B0ECB0A00D5}.Release|Any CPU.ActiveCfg = Release|Any CPU
		{AFF8A4E6-5F92-4A07-B6B8-0B0ECB0A00D5}.Release|Any CPU.Build.0 = Release|Any CPU
	EndGlobalSection
	GlobalSection(SolutionProperties) = preSolution
		HideSolutionNode = FALSE
	EndGlobalSection
	GlobalSection(ExtensibilityGlobals) = postSolution
		SolutionGuid = {2CA779DA-3641-4557-92D2-EE584F621064}
	EndGlobalSection
EndGlobal
